
Microsoft Visual Studio Solution File, Format Version 12.00
# Visual Studio 14
VisualStudioVersion = 14.0.25420.1
MinimumVisualStudioVersion = 10.0.40219.1
Project("{FAE04EC0-301F-11D3-BF4B-00C04F79EFBC}") = "AmericanCheckers", "AmericanCheckers\AmericanCheckers.csproj", "{7D526F86-9B9A-4CEC-B1F8-AD9ED275E428}"
EndProject
Project("{2150E333-8FDC-42A3-9474-1A3956D46DE8}") = "Solution Items", "Solution Items", "{0BDFE21D-5F32-4BDC-82B8-D2AC456E68AC}"
	ProjectSection(SolutionItems) = preProject
		B18 Ex05 NaorBakal 204269708 GuyKremer 311242523.txt = B18 Ex05 NaorBakal 204269708 GuyKremer 311242523.txt
	EndProjectSection
EndProject
Project("{FAE04EC0-301F-11D3-BF4B-00C04F79EFBC}") = "UIWindows", "UIWindows\UIWindows.csproj", "{93C76EEA-1178-48F1-8B16-CAF9D4768960}"
EndProject
Global
	GlobalSection(SolutionConfigurationPlatforms) = preSolution
		Debug|Any CPU = Debug|Any CPU
		Release|Any CPU = Release|Any CPU
	EndGlobalSection
	GlobalSection(ProjectConfigurationPlatforms) = postSolution
		{7D526F86-9B9A-4CEC-B1F8-AD9ED275E428}.Debug|Any CPU.ActiveCfg = Debug|Any CPU
		{7D526F86-9B9A-4CEC-B1F8-AD9ED275E428}.Debug|Any CPU.Build.0 = Debug|Any CPU
		{7D526F86-9B9A-4CEC-B1F8-AD9ED275E428}.Release|Any CPU.ActiveCfg = Release|Any CPU
		{7D526F86-9B9A-4CEC-B1F8-AD9ED275E428}.Release|Any CPU.Build.0 = Release|Any CPU
		{93C76EEA-1178-48F1-8B16-CAF9D4768960}.Debug|Any CPU.ActiveCfg = Debug|Any CPU
		{93C76EEA-1178-48F1-8B16-CAF9D4768960}.Debug|Any CPU.Build.0 = Debug|Any CPU
		{93C76EEA-1178-48F1-8B16-CAF9D4768960}.Release|Any CPU.ActiveCfg = Release|Any CPU
		{93C76EEA-1178-48F1-8B16-CAF9D4768960}.Release|Any CPU.Build.0 = Release|Any CPU
	EndGlobalSection
	GlobalSection(SolutionProperties) = preSolution
		HideSolutionNode = FALSE
	EndGlobalSection
EndGlobal
